
Microsoft Visual Studio Solution File, Format Version 12.00
# Visual Studio 15
VisualStudioVersion = 15.0.28307.168
MinimumVisualStudioVersion = 10.0.40219.1
Project("{8BC9CEB8-8B4A-11D0-8D11-00A0C91BC942}") = "jni", "jni.vcxproj", "{C22C4BAD-9BB9-4145-B0E7-60106B326551}"
EndProject
Project("{8BC9CEB8-8B4A-11D0-8D11-00A0C91BC942}") = "cryptdll", "cryptopp\cryptdll.vcxproj", "{94A428A1-9BA8-4DB2-B76E-BD2E3C08F257}"
EndProject
Project("{8BC9CEB8-8B4A-11D0-8D11-00A0C91BC942}") = "cryptest", "cryptopp\cryptest.vcxproj", "{09CDAC08-E6AE-48A9-8DE7-0FBC779EEBDE}"
EndProject
Global
	GlobalSection(SolutionConfigurationPlatforms) = preSolution
		Debug|x64 = Debug|x64
		Debug|x86 = Debug|x86
		DLL-Import Debug|x64 = DLL-Import Debug|x64
		DLL-Import Debug|x86 = DLL-Import Debug|x86
		DLL-Import Release|x64 = DLL-Import Release|x64
		DLL-Import Release|x86 = DLL-Import Release|x86
		Release|x64 = Release|x64
		Release|x86 = Release|x86
	EndGlobalSection
	GlobalSection(ProjectConfigurationPlatforms) = postSolution
		{C22C4BAD-9BB9-4145-B0E7-60106B326551}.Debug|x64.ActiveCfg = Debug|x64
		{C22C4BAD-9BB9-4145-B0E7-60106B326551}.Debug|x64.Build.0 = Debug|x64
		{C22C4BAD-9BB9-4145-B0E7-60106B326551}.Debug|x86.ActiveCfg = Debug|Win32
		{C22C4BAD-9BB9-4145-B0E7-60106B326551}.Debug|x86.Build.0 = Debug|Win32
		{C22C4BAD-9BB9-4145-B0E7-60106B326551}.DLL-Import Debug|x64.ActiveCfg = Debug|x64
		{C22C4BAD-9BB9-4145-B0E7-60106B326551}.DLL-Import Debug|x64.Build.0 = Debug|x64
		{C22C4BAD-9BB9-4145-B0E7-60106B326551}.DLL-Import Debug|x86.ActiveCfg = Debug|Win32
		{C22C4BAD-9BB9-4145-B0E7-60106B326551}.DLL-Import Debug|x86.Build.0 = Debug|Win32
		{C22C4BAD-9BB9-4145-B0E7-60106B326551}.DLL-Import Release|x64.ActiveCfg = Release|x64
		{C22C4BAD-9BB9-4145-B0E7-60106B326551}.DLL-Import Release|x64.Build.0 = Release|x64
		{C22C4BAD-9BB9-4145-B0E7-60106B326551}.DLL-Import Release|x86.ActiveCfg = Release|Win32
		{C22C4BAD-9BB9-4145-B0E7-60106B326551}.DLL-Import Release|x86.Build.0 = Release|Win32
		{C22C4BAD-9BB9-4145-B0E7-60106B326551}.Release|x64.ActiveCfg = Release|x64
		{C22C4BAD-9BB9-4145-B0E7-60106B326551}.Release|x64.Build.0 = Release|x64
		{C22C4BAD-9BB9-4145-B0E7-60106B326551}.Release|x86.ActiveCfg = Release|Win32
		{C22C4BAD-9BB9-4145-B0E7-60106B326551}.Release|x86.Build.0 = Release|Win32
		{94A428A1-9BA8-4DB2-B76E-BD2E3C08F257}.Debug|x64.ActiveCfg = Debug|x64
		{94A428A1-9BA8-4DB2-B76E-BD2E3C08F257}.Debug|x64.Build.0 = Debug|x64
		{94A428A1-9BA8-4DB2-B76E-BD2E3C08F257}.Debug|x86.ActiveCfg = Debug|Win32
		{94A428A1-9BA8-4DB2-B76E-BD2E3C08F257}.Debug|x86.Build.0 = Debug|Win32
		{94A428A1-9BA8-4DB2-B76E-BD2E3C08F257}.DLL-Import Debug|x64.ActiveCfg = Debug|x64
		{94A428A1-9BA8-4DB2-B76E-BD2E3C08F257}.DLL-Import Debug|x64.Build.0 = Debug|x64
		{94A428A1-9BA8-4DB2-B76E-BD2E3C08F257}.DLL-Import Debug|x86.ActiveCfg = Debug|Win32
		{94A428A1-9BA8-4DB2-B76E-BD2E3C08F257}.DLL-Import Debug|x86.Build.0 = Debug|Win32
		{94A428A1-9BA8-4DB2-B76E-BD2E3C08F257}.DLL-Import Release|x64.ActiveCfg = Release|x64
		{94A428A1-9BA8-4DB2-B76E-BD2E3C08F257}.DLL-Import Release|x64.Build.0 = Release|x64
		{94A428A1-9BA8-4DB2-B76E-BD2E3C08F257}.DLL-Import Release|x86.ActiveCfg = Release|Win32
		{94A428A1-9BA8-4DB2-B76E-BD2E3C08F257}.DLL-Import Release|x86.Build.0 = Release|Win32
		{94A428A1-9BA8-4DB2-B76E-BD2E3C08F257}.Release|x64.ActiveCfg = Release|x64
		{94A428A1-9BA8-4DB2-B76E-BD2E3C08F257}.Release|x64.Build.0 = Release|x64
		{94A428A1-9BA8-4DB2-B76E-BD2E3C08F257}.Release|x86.ActiveCfg = Release|Win32
		{94A428A1-9BA8-4DB2-B76E-BD2E3C08F257}.Release|x86.Build.0 = Release|Win32
		{09CDAC08-E6AE-48A9-8DE7-0FBC779EEBDE}.Debug|x64.ActiveCfg = Debug|x64
		{09CDAC08-E6AE-48A9-8DE7-0FBC779EEBDE}.Debug|x64.Build.0 = Debug|x64
		{09CDAC08-E6AE-48A9-8DE7-0FBC779EEBDE}.Debug|x86.ActiveCfg = Debug|Win32
		{09CDAC08-E6AE-48A9-8DE7-0FBC779EEBDE}.Debug|x86.Build.0 = Debug|Win32
		{09CDAC08-E6AE-48A9-8DE7-0FBC779EEBDE}.DLL-Import Debug|x64.ActiveCfg = DLL-Import Debug|x64
		{09CDAC08-E6AE-48A9-8DE7-0FBC779EEBDE}.DLL-Import Debug|x64.Build.0 = DLL-Import Debug|x64
		{09CDAC08-E6AE-48A9-8DE7-0FBC779EEBDE}.DLL-Import Debug|x86.ActiveCfg = DLL-Import Debug|Win32
		{09CDAC08-E6AE-48A9-8DE7-0FBC779EEBDE}.DLL-Import Debug|x86.Build.0 = DLL-Import Debug|Win32
		{09CDAC08-E6AE-48A9-8DE7-0FBC779EEBDE}.DLL-Import Release|x64.ActiveCfg = DLL-Import Release|x64
		{09CDAC08-E6AE-48A9-8DE7-0FBC779EEBDE}.DLL-Import Release|x64.Build.0 = DLL-Import Release|x64
		{09CDAC08-E6AE-48A9-8DE7-0FBC779EEBDE}.DLL-Import Release|x86.ActiveCfg = DLL-Import Release|Win32
		{09CDAC08-E6AE-48A9-8DE7-0FBC779EEBDE}.DLL-Import Release|x86.Build.0 = DLL-Import Release|Win32
		{09CDAC08-E6AE-48A9-8DE7-0FBC779EEBDE}.Release|x64.ActiveCfg = Release|x64
		{09CDAC08-E6AE-48A9-8DE7-0FBC779EEBDE}.Release|x64.Build.0 = Release|x64
		{09CDAC08-E6AE-48A9-8DE7-0FBC779EEBDE}.Release|x86.ActiveCfg = Release|Win32
		{09CDAC08-E6AE-48A9-8DE7-0FBC779EEBDE}.Release|x86.Build.0 = Release|Win32
	EndGlobalSection
	GlobalSection(SolutionProperties) = preSolution
		HideSolutionNode = FALSE
	EndGlobalSection
	GlobalSection(ExtensibilityGlobals) = postSolution
		SolutionGuid = {81D85D2C-FC1D-494B-8CB1-C3CC86E50A95}
	EndGlobalSection
EndGlobal
